github.com/sarulabs/di v2.0.0+incompatible h1:gsiKbengnJvdA+XkdV7SqlH3kFQMaIqKD+rgefIRwS0=
github.com/sarulabs/di v2.0.0+incompatible/go.mod h1:w5YAFs2sBoVzwDsWaBqJ2NzOmUHo/EZKdB3DOJ+BmHI=
gopkg.in/mgo.v2 v2.0.0-20190816093944-a6b53ec6cb22 h1:VpOs+IwYnYBaFnrNAeB8UUWtL3vEUnzSCL1nVjPhqrw=
gopkg.in/mgo.v2 v2.0.0-20190816093944-a6b53ec6cb22/go.mod h1:yeKp02qBN3iKW1OzL3MGk2IdtZzaj7SFntXj72NppTA=
